
Microsoft Visual Studio Solution File, Format Version 12.00
# Visual Studio 15
VisualStudioVersion = 15.0.27703.2026
MinimumVisualStudioVersion = 10.0.40219.1
Project("{FAE04EC0-301F-11D3-BF4B-00C04F79EFBC}") = "MyBasicTaskManager", "MyBasicTaskManager\MyBasicTaskManager.csproj", "{B4886474-C814-47B8-B229-1A421E95CF94}"
EndProject
Project("{FAE04EC0-301F-11D3-BF4B-00C04F79EFBC}") = "MyBasicTaskManager.Tests", "MyBasicTaskManager.Tests\MyBasicTaskManager.Tests.csproj", "{6B2390EF-7331-4756-A8CF-4C0F911BF837}"
EndProject
Global
	GlobalSection(SolutionConfigurationPlatforms) = preSolution
		Debug|Any CPU = Debug|Any CPU
		Release|Any CPU = Release|Any CPU
	EndGlobalSection
	GlobalSection(ProjectConfigurationPlatforms) = postSolution
		{B4886474-C814-47B8-B229-1A421E95CF94}.Debug|Any CPU.ActiveCfg = Debug|Any CPU
		{B4886474-C814-47B8-B229-1A421E95CF94}.Debug|Any CPU.Build.0 = Debug|Any CPU
		{B4886474-C814-47B8-B229-1A421E95CF94}.Release|Any CPU.ActiveCfg = Release|Any CPU
		{B4886474-C814-47B8-B229-1A421E95CF94}.Release|Any CPU.Build.0 = Release|Any CPU
		{6B2390EF-7331-4756-A8CF-4C0F911BF837}.Debug|Any CPU.ActiveCfg = Debug|Any CPU
		{6B2390EF-7331-4756-A8CF-4C0F911BF837}.Debug|Any CPU.Build.0 = Debug|Any CPU
		{6B2390EF-7331-4756-A8CF-4C0F911BF837}.Release|Any CPU.ActiveCfg = Release|Any CPU
		{6B2390EF-7331-4756-A8CF-4C0F911BF837}.Release|Any CPU.Build.0 = Release|Any CPU
	EndGlobalSection
	GlobalSection(SolutionProperties) = preSolution
		HideSolutionNode = FALSE
	EndGlobalSection
	GlobalSection(ExtensibilityGlobals) = postSolution
		SolutionGuid = {A1822DBF-E433-45FD-BF48-98635D6E80A5}
	EndGlobalSection
EndGlobal
